
Microsoft Visual Studio Solution File, Format Version 12.00
# Visual Studio Version 16
VisualStudioVersion = 16.0.31129.286
MinimumVisualStudioVersion = 10.0.40219.1
Project("{8BC9CEB8-8B4A-11D0-8D11-00A0C91BC942}") = "n_queens_problem", "n_queens_problem\n_queens_problem.vcxproj", "{EC076B54-9D85-418C-A94C-A5D6616F8592}"
EndProject
Global
	GlobalSection(SolutionConfigurationPlatforms) = preSolution
		Debug|x64 = Debug|x64
		Debug|x86 = Debug|x86
		Release|x64 = Release|x64
		Release|x86 = Release|x86
	EndGlobalSection
	GlobalSection(ProjectConfigurationPlatforms) = postSolution
		{EC076B54-9D85-418C-A94C-A5D6616F8592}.Debug|x64.ActiveCfg = Debug|x64
		{EC076B54-9D85-418C-A94C-A5D6616F8592}.Debug|x64.Build.0 = Debug|x64
		{EC076B54-9D85-418C-A94C-A5D6616F8592}.Debug|x86.ActiveCfg = Debug|Win32
		{EC076B54-9D85-418C-A94C-A5D6616F8592}.Debug|x86.Build.0 = Debug|Win32
		{EC076B54-9D85-418C-A94C-A5D6616F8592}.Release|x64.ActiveCfg = Release|x64
		{EC076B54-9D85-418C-A94C-A5D6616F8592}.Release|x64.Build.0 = Release|x64
		{EC076B54-9D85-418C-A94C-A5D6616F8592}.Release|x86.ActiveCfg = Release|Win32
		{EC076B54-9D85-418C-A94C-A5D6616F8592}.Release|x86.Build.0 = Release|Win32
	EndGlobalSection
	GlobalSection(SolutionProperties) = preSolution
		HideSolutionNode = FALSE
	EndGlobalSection
	GlobalSection(ExtensibilityGlobals) = postSolution
		SolutionGuid = {36D3D2F9-4753-4D5E-9258-1290064BBE28}
	EndGlobalSection
EndGlobal
