
Microsoft Visual Studio Solution File, Format Version 12.00
# Visual Studio Version 16
VisualStudioVersion = 16.0.31129.286
MinimumVisualStudioVersion = 10.0.40219.1
Project("{8BC9CEB8-8B4A-11D0-8D11-00A0C91BC942}") = "binary_tree_traversal", "binary_tree_traversal\binary_tree_traversal.vcxproj", "{EA77F787-8DB7-4938-BBE4-3B0EA50CF899}"
EndProject
Global
	GlobalSection(SolutionConfigurationPlatforms) = preSolution
		Debug|x64 = Debug|x64
		Debug|x86 = Debug|x86
		Release|x64 = Release|x64
		Release|x86 = Release|x86
	EndGlobalSection
	GlobalSection(ProjectConfigurationPlatforms) = postSolution
		{EA77F787-8DB7-4938-BBE4-3B0EA50CF899}.Debug|x64.ActiveCfg = Debug|x64
		{EA77F787-8DB7-4938-BBE4-3B0EA50CF899}.Debug|x64.Build.0 = Debug|x64
		{EA77F787-8DB7-4938-BBE4-3B0EA50CF899}.Debug|x86.ActiveCfg = Debug|Win32
		{EA77F787-8DB7-4938-BBE4-3B0EA50CF899}.Debug|x86.Build.0 = Debug|Win32
		{EA77F787-8DB7-4938-BBE4-3B0EA50CF899}.Release|x64.ActiveCfg = Release|x64
		{EA77F787-8DB7-4938-BBE4-3B0EA50CF899}.Release|x64.Build.0 = Release|x64
		{EA77F787-8DB7-4938-BBE4-3B0EA50CF899}.Release|x86.ActiveCfg = Release|Win32
		{EA77F787-8DB7-4938-BBE4-3B0EA50CF899}.Release|x86.Build.0 = Release|Win32
	EndGlobalSection
	GlobalSection(SolutionProperties) = preSolution
		HideSolutionNode = FALSE
	EndGlobalSection
	GlobalSection(ExtensibilityGlobals) = postSolution
		SolutionGuid = {14ADE4F4-9C40-4D9E-BD85-7E5DCD960210}
	EndGlobalSection
EndGlobal
